
Microsoft Visual Studio Solution File, Format Version 12.00
# Visual Studio Version 17
VisualStudioVersion = 17.4.33205.214
MinimumVisualStudioVersion = 10.0.40219.1
Project("{FAE04EC0-301F-11D3-BF4B-00C04F79EFBC}") = "Asp.net - intro-Hometask", "Asp.net - intro-Hometask\Asp.net - intro-Hometask.csproj", "{90EBE7C7-C2E3-47A6-B1CC-2B7F1188A569}"
EndProject
Global
	GlobalSection(SolutionConfigurationPlatforms) = preSolution
		Debug|Any CPU = Debug|Any CPU
		Release|Any CPU = Release|Any CPU
	EndGlobalSection
	GlobalSection(ProjectConfigurationPlatforms) = postSolution
		{90EBE7C7-C2E3-47A6-B1CC-2B7F1188A569}.Debug|Any CPU.ActiveCfg = Debug|Any CPU
		{90EBE7C7-C2E3-47A6-B1CC-2B7F1188A569}.Debug|Any CPU.Build.0 = Debug|Any CPU
		{90EBE7C7-C2E3-47A6-B1CC-2B7F1188A569}.Release|Any CPU.ActiveCfg = Release|Any CPU
		{90EBE7C7-C2E3-47A6-B1CC-2B7F1188A569}.Release|Any CPU.Build.0 = Release|Any CPU
	EndGlobalSection
	GlobalSection(SolutionProperties) = preSolution
		HideSolutionNode = FALSE
	EndGlobalSection
	GlobalSection(ExtensibilityGlobals) = postSolution
		SolutionGuid = {C9670C8F-E522-4D29-A2C2-E01F6B5B3DEA}
	EndGlobalSection
EndGlobal
